
Microsoft Visual Studio Solution File, Format Version 12.00
# Visual Studio Version 17
VisualStudioVersion = 17.14.36518.9 d17.14
MinimumVisualStudioVersion = 10.0.40219.1
Project("{FAE04EC0-301F-11D3-BF4B-00C04F79EFBC}") = "QUANLYCUAHANGTHUCUNG", "QUANLYCUAHANGTHUCUNG\QUANLYCUAHANGTHUCUNG.csproj", "{AFB83B50-51D0-45F1-9382-43F135F6A457}"
EndProject
Global
	GlobalSection(SolutionConfigurationPlatforms) = preSolution
		Debug|Any CPU = Debug|Any CPU
		Release|Any CPU = Release|Any CPU
	EndGlobalSection
	GlobalSection(ProjectConfigurationPlatforms) = postSolution
		{AFB83B50-51D0-45F1-9382-43F135F6A457}.Debug|Any CPU.ActiveCfg = Debug|Any CPU
		{AFB83B50-51D0-45F1-9382-43F135F6A457}.Debug|Any CPU.Build.0 = Debug|Any CPU
		{AFB83B50-51D0-45F1-9382-43F135F6A457}.Release|Any CPU.ActiveCfg = Release|Any CPU
		{AFB83B50-51D0-45F1-9382-43F135F6A457}.Release|Any CPU.Build.0 = Release|Any CPU
	EndGlobalSection
	GlobalSection(SolutionProperties) = preSolution
		HideSolutionNode = FALSE
	EndGlobalSection
	GlobalSection(ExtensibilityGlobals) = postSolution
		SolutionGuid = {0E23D7CE-AD98-4A39-9B0D-644FD9247FB8}
	EndGlobalSection
EndGlobal
